{
  "name": "bilskirnir",
  "lockfileVersion": 3,
  "requires": true,
  "packages": {
    "": {
      "dependencies": {
        "@fontsource-variable/cormorant-garamond": "^5.2.6",
        "@fontsource-variable/inter": "^5.2.8"
      }
    },
    "node_modules/@fontsource-variable/cormorant-garamond": {
      "version": "5.2.6",
      "resolved": "https://registry.npmjs.org/@fontsource-variable/cormorant-garamond/-/cormorant-garamond-5.2.6.tgz",
      "integrity": "sha512-5vHPJWMuTbVoB6OnorCflWJ51NJZ7eQWw58tVFUE/hHphTi/z2vrKESbuMSJ3diOC5KgPm/RLv2ULur+N1NLJQ==",
      "license": "OFL-1.1",
      "funding": {
        "url": "https://github.com/sponsors/ayuhito"
      }
    },
    "node_modules/@fontsource-variable/inter": {
      "version": "5.2.8",
      "resolved": "https://registry.npmjs.org/@fontsource-variable/inter/-/inter-5.2.8.tgz",
      "integrity": "sha512-kOfP2D+ykbcX/P3IFnokOhVRNoTozo5/JxhAIVYLpea/UBmCQ/YWPBfWIDuBImXX/15KH+eKh4xpEUyS2sQQGQ==",
      "license": "OFL-1.1",
      "funding": {
        "url": "https://github.com/sponsors/ayuhito"
      }
    }
  }
}
